
Microsoft Visual Studio Solution File, Format Version 12.00
# Visual Studio Version 16
VisualStudioVersion = 16.0.29926.136
MinimumVisualStudioVersion = 10.0.40219.1
Project("{FAE04EC0-301F-11D3-BF4B-00C04F79EFBC}") = "HolaMundi", "HolaMundi\HolaMundi.csproj", "{0FD12FC3-9A06-4CDC-BA32-A692042880BC}"
EndProject
Global
	GlobalSection(SolutionConfigurationPlatforms) = preSolution
		Debug|Any CPU = Debug|Any CPU
		Release|Any CPU = Release|Any CPU
	EndGlobalSection
	GlobalSection(ProjectConfigurationPlatforms) = postSolution
		{0FD12FC3-9A06-4CDC-BA32-A692042880BC}.Debug|Any CPU.ActiveCfg = Debug|Any CPU
		{0FD12FC3-9A06-4CDC-BA32-A692042880BC}.Debug|Any CPU.Build.0 = Debug|Any CPU
		{0FD12FC3-9A06-4CDC-BA32-A692042880BC}.Release|Any CPU.ActiveCfg = Release|Any CPU
		{0FD12FC3-9A06-4CDC-BA32-A692042880BC}.Release|Any CPU.Build.0 = Release|Any CPU
	EndGlobalSection
	GlobalSection(SolutionProperties) = preSolution
		HideSolutionNode = FALSE
	EndGlobalSection
	GlobalSection(ExtensibilityGlobals) = postSolution
		SolutionGuid = {AA2B7A73-B316-4AE3-ADF7-E019D4A10B8D}
	EndGlobalSection
EndGlobal
